
Microsoft Visual Studio Solution File, Format Version 12.00
# Visual Studio Version 17
VisualStudioVersion = 17.9.34622.214
MinimumVisualStudioVersion = 10.0.40219.1
Project("{FAE04EC0-301F-11D3-BF4B-00C04F79EFBC}") = "DiceRollGame", "DiceRollGame\DiceRollGame.csproj", "{31C3EF83-911D-4B34-8874-1BF71E05AAD8}"
EndProject
Project("{FAE04EC0-301F-11D3-BF4B-00C04F79EFBC}") = "DiceRollGameTests", "DiceRollGameTests\DiceRollGameTests.csproj", "{573D6B39-1B08-4722-BEF0-B10981BC79C6}"
EndProject
Global
	GlobalSection(SolutionConfigurationPlatforms) = preSolution
		Debug|Any CPU = Debug|Any CPU
		Release|Any CPU = Release|Any CPU
	EndGlobalSection
	GlobalSection(ProjectConfigurationPlatforms) = postSolution
		{31C3EF83-911D-4B34-8874-1BF71E05AAD8}.Debug|Any CPU.ActiveCfg = Debug|Any CPU
		{31C3EF83-911D-4B34-8874-1BF71E05AAD8}.Debug|Any CPU.Build.0 = Debug|Any CPU
		{31C3EF83-911D-4B34-8874-1BF71E05AAD8}.Release|Any CPU.ActiveCfg = Release|Any CPU
		{31C3EF83-911D-4B34-8874-1BF71E05AAD8}.Release|Any CPU.Build.0 = Release|Any CPU
		{573D6B39-1B08-4722-BEF0-B10981BC79C6}.Debug|Any CPU.ActiveCfg = Debug|Any CPU
		{573D6B39-1B08-4722-BEF0-B10981BC79C6}.Debug|Any CPU.Build.0 = Debug|Any CPU
		{573D6B39-1B08-4722-BEF0-B10981BC79C6}.Release|Any CPU.ActiveCfg = Release|Any CPU
		{573D6B39-1B08-4722-BEF0-B10981BC79C6}.Release|Any CPU.Build.0 = Release|Any CPU
	EndGlobalSection
	GlobalSection(SolutionProperties) = preSolution
		HideSolutionNode = FALSE
	EndGlobalSection
	GlobalSection(ExtensibilityGlobals) = postSolution
		SolutionGuid = {3C1B0ADF-2B68-4FFE-888D-97CF052F85B0}
	EndGlobalSection
EndGlobal
